
Microsoft Visual Studio Solution File, Format Version 12.00
# Visual Studio Version 17
VisualStudioVersion = 17.5.002.0
MinimumVisualStudioVersion = 10.0.40219.1
Project("{9A19103F-16F7-4668-BE54-9A1E7A4F7556}") = "Sistema-Da-Bomba", "Sistema-Da-Bomba\Sistema-Da-Bomba.csproj", "{BE3403DE-BED0-4499-8916-6A9F679ABEFF}"
EndProject
Global
	GlobalSection(SolutionConfigurationPlatforms) = preSolution
		Debug|Any CPU = Debug|Any CPU
		Release|Any CPU = Release|Any CPU
	EndGlobalSection
	GlobalSection(ProjectConfigurationPlatforms) = postSolution
		{BE3403DE-BED0-4499-8916-6A9F679ABEFF}.Debug|Any CPU.ActiveCfg = Debug|Any CPU
		{BE3403DE-BED0-4499-8916-6A9F679ABEFF}.Debug|Any CPU.Build.0 = Debug|Any CPU
		{BE3403DE-BED0-4499-8916-6A9F679ABEFF}.Release|Any CPU.ActiveCfg = Release|Any CPU
		{BE3403DE-BED0-4499-8916-6A9F679ABEFF}.Release|Any CPU.Build.0 = Release|Any CPU
	EndGlobalSection
	GlobalSection(SolutionProperties) = preSolution
		HideSolutionNode = FALSE
	EndGlobalSection
	GlobalSection(ExtensibilityGlobals) = postSolution
		SolutionGuid = {65C755E6-24DE-4B16-9AD2-CF89370AD8F0}
	EndGlobalSection
EndGlobal
